
Microsoft Visual Studio Solution File, Format Version 12.00
# Visual Studio Version 17
VisualStudioVersion = 17.0.32014.148
MinimumVisualStudioVersion = 10.0.40219.1
Project("{9A19103F-16F7-4668-BE54-9A1E7A4F7556}") = "API", "src\API\API.csproj", "{94DA0A71-E07A-4574-AC52-C92ECD3CCCBB}"
EndProject
Project("{9A19103F-16F7-4668-BE54-9A1E7A4F7556}") = "OrderProcessor", "src\OrderProcessor\OrderProcessor.csproj", "{486B85EC-6DAC-4B49-8628-7323A74DF6AA}"
EndProject
Project("{9A19103F-16F7-4668-BE54-9A1E7A4F7556}") = "App", "src\App\App.csproj", "{DB3044E2-7B0E-47C1-B6AE-873CA1FBAD2E}"
EndProject
Project("{2150E333-8FDC-42A3-9474-1A3956D46DE8}") = "src", "src", "{CC7DBF53-1654-4C74-B3CF-1B0E66FF4E70}"
EndProject
Project("{9A19103F-16F7-4668-BE54-9A1E7A4F7556}") = "InventoryAPI", "src\InventoryAPI\InventoryAPI.csproj", "{7DB7E35F-45DB-4171-8573-7BF8AC23B29A}"
EndProject
Project("{9A19103F-16F7-4668-BE54-9A1E7A4F7556}") = "OrderFulfillmentProcessor", "src\OrderFulfillmentProcessor\OrderFulfillmentProcessor.csproj", "{FDA82ED2-D1F4-421A-9E92-F91DDC30F2C7}"
EndProject
Project("{9A19103F-16F7-4668-BE54-9A1E7A4F7556}") = "CustomerLoyaltyProcessor", "src\CustomerLoyaltyProcessor\CustomerLoyaltyProcessor.csproj", "{F4F34BAD-90C3-42A7-AF80-33E03E48AEC4}"
EndProject
Project("{FAE04EC0-301F-11D3-BF4B-00C04F79EFBC}") = "DTO", "src\DTO\DTO.csproj", "{8E8D7ABB-8043-44F1-9997-A4429989861F}"
EndProject
Global
	GlobalSection(SolutionConfigurationPlatforms) = preSolution
		Debug|Any CPU = Debug|Any CPU
		Release|Any CPU = Release|Any CPU
	EndGlobalSection
	GlobalSection(ProjectConfigurationPlatforms) = postSolution
		{94DA0A71-E07A-4574-AC52-C92ECD3CCCBB}.Debug|Any CPU.ActiveCfg = Debug|Any CPU
		{94DA0A71-E07A-4574-AC52-C92ECD3CCCBB}.Debug|Any CPU.Build.0 = Debug|Any CPU
		{94DA0A71-E07A-4574-AC52-C92ECD3CCCBB}.Release|Any CPU.ActiveCfg = Release|Any CPU
		{94DA0A71-E07A-4574-AC52-C92ECD3CCCBB}.Release|Any CPU.Build.0 = Release|Any CPU
		{486B85EC-6DAC-4B49-8628-7323A74DF6AA}.Debug|Any CPU.ActiveCfg = Debug|Any CPU
		{486B85EC-6DAC-4B49-8628-7323A74DF6AA}.Debug|Any CPU.Build.0 = Debug|Any CPU
		{486B85EC-6DAC-4B49-8628-7323A74DF6AA}.Release|Any CPU.ActiveCfg = Release|Any CPU
		{486B85EC-6DAC-4B49-8628-7323A74DF6AA}.Release|Any CPU.Build.0 = Release|Any CPU
		{DB3044E2-7B0E-47C1-B6AE-873CA1FBAD2E}.Debug|Any CPU.ActiveCfg = Debug|Any CPU
		{DB3044E2-7B0E-47C1-B6AE-873CA1FBAD2E}.Debug|Any CPU.Build.0 = Debug|Any CPU
		{DB3044E2-7B0E-47C1-B6AE-873CA1FBAD2E}.Release|Any CPU.ActiveCfg = Release|Any CPU
		{DB3044E2-7B0E-47C1-B6AE-873CA1FBAD2E}.Release|Any CPU.Build.0 = Release|Any CPU
		{7DB7E35F-45DB-4171-8573-7BF8AC23B29A}.Debug|Any CPU.ActiveCfg = Debug|Any CPU
		{7DB7E35F-45DB-4171-8573-7BF8AC23B29A}.Debug|Any CPU.Build.0 = Debug|Any CPU
		{7DB7E35F-45DB-4171-8573-7BF8AC23B29A}.Release|Any CPU.ActiveCfg = Release|Any CPU
		{7DB7E35F-45DB-4171-8573-7BF8AC23B29A}.Release|Any CPU.Build.0 = Release|Any CPU
		{FDA82ED2-D1F4-421A-9E92-F91DDC30F2C7}.Debug|Any CPU.ActiveCfg = Debug|Any CPU
		{FDA82ED2-D1F4-421A-9E92-F91DDC30F2C7}.Debug|Any CPU.Build.0 = Debug|Any CPU
		{FDA82ED2-D1F4-421A-9E92-F91DDC30F2C7}.Release|Any CPU.ActiveCfg = Release|Any CPU
		{FDA82ED2-D1F4-421A-9E92-F91DDC30F2C7}.Release|Any CPU.Build.0 = Release|Any CPU
		{F4F34BAD-90C3-42A7-AF80-33E03E48AEC4}.Debug|Any CPU.ActiveCfg = Debug|Any CPU
		{F4F34BAD-90C3-42A7-AF80-33E03E48AEC4}.Debug|Any CPU.Build.0 = Debug|Any CPU
		{F4F34BAD-90C3-42A7-AF80-33E03E48AEC4}.Release|Any CPU.ActiveCfg = Release|Any CPU
		{F4F34BAD-90C3-42A7-AF80-33E03E48AEC4}.Release|Any CPU.Build.0 = Release|Any CPU
		{8E8D7ABB-8043-44F1-9997-A4429989861F}.Debug|Any CPU.ActiveCfg = Debug|Any CPU
		{8E8D7ABB-8043-44F1-9997-A4429989861F}.Debug|Any CPU.Build.0 = Debug|Any CPU
		{8E8D7ABB-8043-44F1-9997-A4429989861F}.Release|Any CPU.ActiveCfg = Release|Any CPU
		{8E8D7ABB-8043-44F1-9997-A4429989861F}.Release|Any CPU.Build.0 = Release|Any CPU
	EndGlobalSection
	GlobalSection(SolutionProperties) = preSolution
		HideSolutionNode = FALSE
	EndGlobalSection
	GlobalSection(NestedProjects) = preSolution
		{94DA0A71-E07A-4574-AC52-C92ECD3CCCBB} = {CC7DBF53-1654-4C74-B3CF-1B0E66FF4E70}
		{486B85EC-6DAC-4B49-8628-7323A74DF6AA} = {CC7DBF53-1654-4C74-B3CF-1B0E66FF4E70}
		{DB3044E2-7B0E-47C1-B6AE-873CA1FBAD2E} = {CC7DBF53-1654-4C74-B3CF-1B0E66FF4E70}
		{7DB7E35F-45DB-4171-8573-7BF8AC23B29A} = {CC7DBF53-1654-4C74-B3CF-1B0E66FF4E70}
		{FDA82ED2-D1F4-421A-9E92-F91DDC30F2C7} = {CC7DBF53-1654-4C74-B3CF-1B0E66FF4E70}
		{F4F34BAD-90C3-42A7-AF80-33E03E48AEC4} = {CC7DBF53-1654-4C74-B3CF-1B0E66FF4E70}
		{8E8D7ABB-8043-44F1-9997-A4429989861F} = {CC7DBF53-1654-4C74-B3CF-1B0E66FF4E70}
	EndGlobalSection
	GlobalSection(ExtensibilityGlobals) = postSolution
		SolutionGuid = {EA1ABAD0-8B95-482C-80BF-9ECBDD812BED}
	EndGlobalSection
EndGlobal
